
Microsoft Visual Studio Solution File, Format Version 12.00
# Visual Studio Version 16
VisualStudioVersion = 16.0.29613.14
MinimumVisualStudioVersion = 10.0.40219.1
Project("{9092AA53-FB77-4645-B42D-1CCCA6BD08BD}") = "MyInvoiceMSSQLAPI", "MyInvoiceMSSQLAPI.njsproj", "{D17523ED-2C05-4825-84E4-1735636328E3}"
EndProject
Global
	GlobalSection(SolutionConfigurationPlatforms) = preSolution
		Debug|Any CPU = Debug|Any CPU
		Release|Any CPU = Release|Any CPU
	EndGlobalSection
	GlobalSection(ProjectConfigurationPlatforms) = postSolution
		{D17523ED-2C05-4825-84E4-1735636328E3}.Debug|Any CPU.ActiveCfg = Debug|Any CPU
		{D17523ED-2C05-4825-84E4-1735636328E3}.Debug|Any CPU.Build.0 = Debug|Any CPU
		{D17523ED-2C05-4825-84E4-1735636328E3}.Release|Any CPU.ActiveCfg = Release|Any CPU
		{D17523ED-2C05-4825-84E4-1735636328E3}.Release|Any CPU.Build.0 = Release|Any CPU
	EndGlobalSection
	GlobalSection(SolutionProperties) = preSolution
		HideSolutionNode = FALSE
	EndGlobalSection
	GlobalSection(ExtensibilityGlobals) = postSolution
		SolutionGuid = {DA16B5E7-27E3-4F89-AE03-718CD068123C}
	EndGlobalSection
EndGlobal
